
Microsoft Visual Studio Solution File, Format Version 12.00
# Visual Studio Version 16
VisualStudioVersion = 16.0.29827.131
MinimumVisualStudioVersion = 10.0.40219.1
Project("{9A19103F-16F7-4668-BE54-9A1E7A4F7556}") = "Utiliread.Caching.Abstractions", "src\Utiliread.Caching.Abstractions\Utiliread.Caching.Abstractions.csproj", "{7F9A0CAC-9ACF-49F9-975E-CB64AA9D4F47}"
EndProject
Project("{2150E333-8FDC-42A3-9474-1A3956D46DE8}") = "Solution Items", "Solution Items", "{FE4ECC77-FC23-4C28-8E55-2CEB484BFAE2}"
	ProjectSection(SolutionItems) = preProject
		.gitignore = .gitignore
		README.md = README.md
	EndProjectSection
EndProject
Project("{9A19103F-16F7-4668-BE54-9A1E7A4F7556}") = "Utiliread.Caching.StackExchangeRedis", "src\Utiliread.Caching.StackExchangeRedis\Utiliread.Caching.StackExchangeRedis.csproj", "{F594DBB0-1B13-4CEB-9056-C22480CF7439}"
EndProject
Project("{9A19103F-16F7-4668-BE54-9A1E7A4F7556}") = "Utiliread.Caching.StackExchangeRedis.Tests", "test\Utiliread.Caching.StackExchangeRedis.Tests\Utiliread.Caching.StackExchangeRedis.Tests.csproj", "{BE41D9C3-B814-422D-BC7C-600F340987A8}"
EndProject
Global
	GlobalSection(SolutionConfigurationPlatforms) = preSolution
		Debug|Any CPU = Debug|Any CPU
		Release|Any CPU = Release|Any CPU
	EndGlobalSection
	GlobalSection(ProjectConfigurationPlatforms) = postSolution
		{7F9A0CAC-9ACF-49F9-975E-CB64AA9D4F47}.Debug|Any CPU.ActiveCfg = Debug|Any CPU
		{7F9A0CAC-9ACF-49F9-975E-CB64AA9D4F47}.Debug|Any CPU.Build.0 = Debug|Any CPU
		{7F9A0CAC-9ACF-49F9-975E-CB64AA9D4F47}.Release|Any CPU.ActiveCfg = Release|Any CPU
		{7F9A0CAC-9ACF-49F9-975E-CB64AA9D4F47}.Release|Any CPU.Build.0 = Release|Any CPU
		{F594DBB0-1B13-4CEB-9056-C22480CF7439}.Debug|Any CPU.ActiveCfg = Debug|Any CPU
		{F594DBB0-1B13-4CEB-9056-C22480CF7439}.Debug|Any CPU.Build.0 = Debug|Any CPU
		{F594DBB0-1B13-4CEB-9056-C22480CF7439}.Release|Any CPU.ActiveCfg = Release|Any CPU
		{F594DBB0-1B13-4CEB-9056-C22480CF7439}.Release|Any CPU.Build.0 = Release|Any CPU
		{BE41D9C3-B814-422D-BC7C-600F340987A8}.Debug|Any CPU.ActiveCfg = Debug|Any CPU
		{BE41D9C3-B814-422D-BC7C-600F340987A8}.Debug|Any CPU.Build.0 = Debug|Any CPU
		{BE41D9C3-B814-422D-BC7C-600F340987A8}.Release|Any CPU.ActiveCfg = Release|Any CPU
		{BE41D9C3-B814-422D-BC7C-600F340987A8}.Release|Any CPU.Build.0 = Release|Any CPU
	EndGlobalSection
	GlobalSection(SolutionProperties) = preSolution
		HideSolutionNode = FALSE
	EndGlobalSection
	GlobalSection(ExtensibilityGlobals) = postSolution
		SolutionGuid = {B77165B5-F722-4E93-BA85-CC44F919496A}
	EndGlobalSection
EndGlobal
