
Microsoft Visual Studio Solution File, Format Version 12.00
# Visual Studio 15
VisualStudioVersion = 15.0.27520.0
MinimumVisualStudioVersion = 10.0.40219.1
Project("{9A19103F-16F7-4668-BE54-9A1E7A4F7556}") = "Utiliread.Caching.Abstractions", "src\Utiliread.Caching.Abstractions\Utiliread.Caching.Abstractions.csproj", "{7F9A0CAC-9ACF-49F9-975E-CB64AA9D4F47}"
EndProject
Project("{9A19103F-16F7-4668-BE54-9A1E7A4F7556}") = "Utiliread.Caching.Redis", "src\Utiliread.Caching.Redis\Utiliread.Caching.Redis.csproj", "{57C87588-2B5B-4C22-9CF4-EE661516F7E7}"
EndProject
Project("{9A19103F-16F7-4668-BE54-9A1E7A4F7556}") = "Utiliread.Caching.Redis.Tests", "test\Utiliread.Caching.Redis.Tests\Utiliread.Caching.Redis.Tests.csproj", "{06F893DD-22B7-4A44-8E4D-4174EC758965}"
EndProject
Global
	GlobalSection(SolutionConfigurationPlatforms) = preSolution
		Debug|Any CPU = Debug|Any CPU
		Release|Any CPU = Release|Any CPU
	EndGlobalSection
	GlobalSection(ProjectConfigurationPlatforms) = postSolution
		{7F9A0CAC-9ACF-49F9-975E-CB64AA9D4F47}.Debug|Any CPU.ActiveCfg = Debug|Any CPU
		{7F9A0CAC-9ACF-49F9-975E-CB64AA9D4F47}.Debug|Any CPU.Build.0 = Debug|Any CPU
		{7F9A0CAC-9ACF-49F9-975E-CB64AA9D4F47}.Release|Any CPU.ActiveCfg = Release|Any CPU
		{7F9A0CAC-9ACF-49F9-975E-CB64AA9D4F47}.Release|Any CPU.Build.0 = Release|Any CPU
		{57C87588-2B5B-4C22-9CF4-EE661516F7E7}.Debug|Any CPU.ActiveCfg = Debug|Any CPU
		{57C87588-2B5B-4C22-9CF4-EE661516F7E7}.Debug|Any CPU.Build.0 = Debug|Any CPU
		{57C87588-2B5B-4C22-9CF4-EE661516F7E7}.Release|Any CPU.ActiveCfg = Release|Any CPU
		{57C87588-2B5B-4C22-9CF4-EE661516F7E7}.Release|Any CPU.Build.0 = Release|Any CPU
		{06F893DD-22B7-4A44-8E4D-4174EC758965}.Debug|Any CPU.ActiveCfg = Debug|Any CPU
		{06F893DD-22B7-4A44-8E4D-4174EC758965}.Debug|Any CPU.Build.0 = Debug|Any CPU
		{06F893DD-22B7-4A44-8E4D-4174EC758965}.Release|Any CPU.ActiveCfg = Release|Any CPU
		{06F893DD-22B7-4A44-8E4D-4174EC758965}.Release|Any CPU.Build.0 = Release|Any CPU
	EndGlobalSection
	GlobalSection(SolutionProperties) = preSolution
		HideSolutionNode = FALSE
	EndGlobalSection
	GlobalSection(ExtensibilityGlobals) = postSolution
		SolutionGuid = {B77165B5-F722-4E93-BA85-CC44F919496A}
	EndGlobalSection
EndGlobal
